# This file is automatically @generated by Cargo.
# It is not intended for manual editing.
version = 4

[[package]]
name = "core-engine"
version = "0.1.0"

[[package]]
name = "core-protocol"
version = "0.1.0"

[[package]]
name = "core-runtime"
version = "0.1.0"
dependencies = [
 "core-engine",
 "core-protocol",
 "core-storage",
]

[[package]]
name = "core-storage"
version = "0.1.0"
